// !$*UTF8*$!
{
	archiveVersion = 1;
	classes = {
	};
	objectVersion = 46;
	objects = {

/* Begin PBXBuildFile section */
		BB0A9D6512D69BD5004FE3A9 /* Cocoa.framework in Frameworks */ = {isa = PBXBuildFile; fileRef = BB0A9D6412D69BD5004FE3A9 /* Cocoa.framework */; };
		BB0A9D6A12D69BD5004FE3A9 /* InfoPlist.strings in Resources */ = {isa = PBXBuildFile; fileRef = BB0A9D6812D69BD5004FE3A9 /* InfoPlist.strings */; };
		BB0A9D7E12D6A01D004FE3A9 /* SKRSSParser.h in Headers */ = {isa = PBXBuildFile; fileRef = BB0A9D7C12D6A01D004FE3A9 /* SKRSSParser.h */; settings = {ATTRIBUTES = (Public, ); }; };
		BB0A9D7F12D6A01D004FE3A9 /* SKRSSParser.m in Sources */ = {isa = PBXBuildFile; fileRef = BB0A9D7D12D6A01D004FE3A9 /* SKRSSParser.m */; };
		BBFF971F141CD152004CEC7A /* common.css in Resources */ = {isa = PBXBuildFile; fileRef = BBFF9717141CD152004CEC7A /* common.css */; };
		BBFF9720141CD152004CEC7A /* print.css in Resources */ = {isa = PBXBuildFile; fileRef = BBFF9718141CD152004CEC7A /* print.css */; };
		BBFF9721141CD152004CEC7A /* screen.css in Resources */ = {isa = PBXBuildFile; fileRef = BBFF9719141CD152004CEC7A /* screen.css */; };
		BBFF9722141CD152004CEC7A /* doxyclean.py in Resources */ = {isa = PBXBuildFile; fileRef = BBFF971A141CD152004CEC7A /* doxyclean.py */; };
		BBFF9723141CD152004CEC7A /* index2html.xslt in Resources */ = {isa = PBXBuildFile; fileRef = BBFF971B141CD152004CEC7A /* index2html.xslt */; };
		BBFF9724141CD152004CEC7A /* object.xslt in Resources */ = {isa = PBXBuildFile; fileRef = BBFF971C141CD152004CEC7A /* object.xslt */; };
		BBFF9725141CD152004CEC7A /* object2html.xslt in Resources */ = {isa = PBXBuildFile; fileRef = BBFF971D141CD152004CEC7A /* object2html.xslt */; };
		BBFF9726141CD152004CEC7A /* Doxyfile in Resources */ = {isa = PBXBuildFile; fileRef = BBFF971E141CD152004CEC7A /* Doxyfile */; };
		C74DED9913805DA4005DA422 /* SKGirl.h in Headers */ = {isa = PBXBuildFile; fileRef = C74DED9313805DA4005DA422 /* SKGirl.h */; };
		C74DED9A13805DA4005DA422 /* SKGirl.m in Sources */ = {isa = PBXBuildFile; fileRef = C74DED9413805DA4005DA422 /* SKGirl.m */; };
		C74DED9B13805DA4005DA422 /* SKPhotoset.h in Headers */ = {isa = PBXBuildFile; fileRef = C74DED9513805DA4005DA422 /* SKPhotoset.h */; };
		C74DED9C13805DA4005DA422 /* SKPhotoset.m in Sources */ = {isa = PBXBuildFile; fileRef = C74DED9613805DA4005DA422 /* SKPhotoset.m */; };
		C74DEDAD138062F6005DA422 /* SKAsynchronousFetcher.h in Headers */ = {isa = PBXBuildFile; fileRef = C74DEDAB138062F6005DA422 /* SKAsynchronousFetcher.h */; };
		C74DEDAE138062F6005DA422 /* SKAsynchronousFetcher.m in Sources */ = {isa = PBXBuildFile; fileRef = C74DEDAC138062F6005DA422 /* SKAsynchronousFetcher.m */; };
		C7C138B4141A6C3E00940EB0 /* SRUCTURES.mdown in Resources */ = {isa = PBXBuildFile; fileRef = C7C138B3141A6C3E00940EB0 /* SRUCTURES.mdown */; };
/* End PBXBuildFile section */

/* Begin PBXFileReference section */
		BB0A9D6212D69BD5004FE3A9 /* SuicideKit.framework */ = {isa = PBXFileReference; explicitFileType = wrapper.framework; includeInIndex = 0; path = SuicideKit.framework; sourceTree = BUILT_PRODUCTS_DIR; };
		BB0A9D6412D69BD5004FE3A9 /* Cocoa.framework */ = {isa = PBXFileReference; lastKnownFileType = wrapper.framework; name = Cocoa.framework; path = System/Library/Frameworks/Cocoa.framework; sourceTree = SDKROOT; };
		BB0A9D6612D69BD5004FE3A9 /* SuicideKit-Info.plist */ = {isa = PBXFileReference; lastKnownFileType = text.plist.xml; path = "SuicideKit-Info.plist"; sourceTree = "<group>"; };
		BB0A9D6712D69BD5004FE3A9 /* SuicideKit-Prefix.pch */ = {isa = PBXFileReference; lastKnownFileType = sourcecode.c.h; path = "SuicideKit-Prefix.pch"; sourceTree = "<group>"; };
		BB0A9D6912D69BD5004FE3A9 /* en */ = {isa = PBXFileReference; lastKnownFileType = text.plist.strings; name = en; path = en.lproj/InfoPlist.strings; sourceTree = "<group>"; };
		BB0A9D7C12D6A01D004FE3A9 /* SKRSSParser.h */ = {isa = PBXFileReference; fileEncoding = 4; lastKnownFileType = sourcecode.c.h; path = SKRSSParser.h; sourceTree = "<group>"; };
		BB0A9D7D12D6A01D004FE3A9 /* SKRSSParser.m */ = {isa = PBXFileReference; fileEncoding = 4; lastKnownFileType = sourcecode.c.objc; path = SKRSSParser.m; sourceTree = "<group>"; };
		BBFF9717141CD152004CEC7A /* common.css */ = {isa = PBXFileReference; fileEncoding = 4; lastKnownFileType = text.css; path = common.css; sourceTree = "<group>"; };
		BBFF9718141CD152004CEC7A /* print.css */ = {isa = PBXFileReference; fileEncoding = 4; lastKnownFileType = text.css; path = print.css; sourceTree = "<group>"; };
		BBFF9719141CD152004CEC7A /* screen.css */ = {isa = PBXFileReference; fileEncoding = 4; lastKnownFileType = text.css; path = screen.css; sourceTree = "<group>"; };
		BBFF971A141CD152004CEC7A /* doxyclean.py */ = {isa = PBXFileReference; fileEncoding = 4; lastKnownFileType = text.script.python; path = doxyclean.py; sourceTree = "<group>"; };
		BBFF971B141CD152004CEC7A /* index2html.xslt */ = {isa = PBXFileReference; fileEncoding = 4; lastKnownFileType = text.xml; path = index2html.xslt; sourceTree = "<group>"; };
		BBFF971C141CD152004CEC7A /* object.xslt */ = {isa = PBXFileReference; fileEncoding = 4; lastKnownFileType = text.xml; path = object.xslt; sourceTree = "<group>"; };
		BBFF971D141CD152004CEC7A /* object2html.xslt */ = {isa = PBXFileReference; fileEncoding = 4; lastKnownFileType = text.xml; path = object2html.xslt; sourceTree = "<group>"; };
		BBFF971E141CD152004CEC7A /* Doxyfile */ = {isa = PBXFileReference; fileEncoding = 4; lastKnownFileType = text; path = Doxyfile; sourceTree = "<group>"; };
		C74DED9313805DA4005DA422 /* SKGirl.h */ = {isa = PBXFileReference; fileEncoding = 4; lastKnownFileType = sourcecode.c.h; path = SKGirl.h; sourceTree = "<group>"; };
		C74DED9413805DA4005DA422 /* SKGirl.m */ = {isa = PBXFileReference; fileEncoding = 4; lastKnownFileType = sourcecode.c.objc; path = SKGirl.m; sourceTree = "<group>"; };
		C74DED9513805DA4005DA422 /* SKPhotoset.h */ = {isa = PBXFileReference; fileEncoding = 4; lastKnownFileType = sourcecode.c.h; path = SKPhotoset.h; sourceTree = "<group>"; };
		C74DED9613805DA4005DA422 /* SKPhotoset.m */ = {isa = PBXFileReference; fileEncoding = 4; lastKnownFileType = sourcecode.c.objc; path = SKPhotoset.m; sourceTree = "<group>"; };
		C74DEDAB138062F6005DA422 /* SKAsynchronousFetcher.h */ = {isa = PBXFileReference; fileEncoding = 4; lastKnownFileType = sourcecode.c.h; path = SKAsynchronousFetcher.h; sourceTree = "<group>"; };
		C74DEDAC138062F6005DA422 /* SKAsynchronousFetcher.m */ = {isa = PBXFileReference; fileEncoding = 4; lastKnownFileType = sourcecode.c.objc; path = SKAsynchronousFetcher.m; sourceTree = "<group>"; };
		C7C138B3141A6C3E00940EB0 /* SRUCTURES.mdown */ = {isa = PBXFileReference; fileEncoding = 4; lastKnownFileType = text; path = SRUCTURES.mdown; sourceTree = "<group>"; };
/* End PBXFileReference section */

/* Begin PBXFrameworksBuildPhase section */
		BB0A9D5E12D69BD5004FE3A9 /* Frameworks */ = {
			isa = PBXFrameworksBuildPhase;
			buildActionMask = 2147483647;
			files = (
				BB0A9D6512D69BD5004FE3A9 /* Cocoa.framework in Frameworks */,
			);
			runOnlyForDeploymentPostprocessing = 0;
		};
/* End PBXFrameworksBuildPhase section */

/* Begin PBXGroup section */
		BB0A9D5212D69BD5004FE3A9 = {
			isa = PBXGroup;
			children = (
				BBFF9714141CD152004CEC7A /* Documentation */,
				BB0A9D5912D69BD5004FE3A9 /* Classes */,
				BB0A9D5A12D69BD5004FE3A9 /* Other Sources */,
				BB0A9D5B12D69BD5004FE3A9 /* Resources */,
				BB0A9D5C12D69BD5004FE3A9 /* Frameworks */,
				BB0A9D6312D69BD5004FE3A9 /* Products */,
			);
			sourceTree = "<group>";
		};
		BB0A9D5912D69BD5004FE3A9 /* Classes */ = {
			isa = PBXGroup;
			children = (
				C74DEDAB138062F6005DA422 /* SKAsynchronousFetcher.h */,
				C74DEDAC138062F6005DA422 /* SKAsynchronousFetcher.m */,
				C74DED9313805DA4005DA422 /* SKGirl.h */,
				C74DED9413805DA4005DA422 /* SKGirl.m */,
				C74DED9513805DA4005DA422 /* SKPhotoset.h */,
				C74DED9613805DA4005DA422 /* SKPhotoset.m */,
				BB0A9D7C12D6A01D004FE3A9 /* SKRSSParser.h */,
				BB0A9D7D12D6A01D004FE3A9 /* SKRSSParser.m */,
			);
			path = Classes;
			sourceTree = "<group>";
		};
		BB0A9D5A12D69BD5004FE3A9 /* Other Sources */ = {
			isa = PBXGroup;
			children = (
				BB0A9D6712D69BD5004FE3A9 /* SuicideKit-Prefix.pch */,
			);
			name = "Other Sources";
			sourceTree = "<group>";
		};
		BB0A9D5B12D69BD5004FE3A9 /* Resources */ = {
			isa = PBXGroup;
			children = (
				C7C138B3141A6C3E00940EB0 /* SRUCTURES.mdown */,
				BB0A9D6612D69BD5004FE3A9 /* SuicideKit-Info.plist */,
				BB0A9D6812D69BD5004FE3A9 /* InfoPlist.strings */,
			);
			name = Resources;
			sourceTree = "<group>";
		};
		BB0A9D5C12D69BD5004FE3A9 /* Frameworks */ = {
			isa = PBXGroup;
			children = (
				BB0A9D6412D69BD5004FE3A9 /* Cocoa.framework */,
			);
			name = Frameworks;
			sourceTree = "<group>";
		};
		BB0A9D6312D69BD5004FE3A9 /* Products */ = {
			isa = PBXGroup;
			children = (
				BB0A9D6212D69BD5004FE3A9 /* SuicideKit.framework */,
			);
			name = Products;
			sourceTree = "<group>";
		};
		BBFF9714141CD152004CEC7A /* Documentation */ = {
			isa = PBXGroup;
			children = (
				BBFF9715141CD152004CEC7A /* doxyclean */,
				BBFF971E141CD152004CEC7A /* Doxyfile */,
			);
			path = Documentation;
			sourceTree = "<group>";
		};
		BBFF9715141CD152004CEC7A /* doxyclean */ = {
			isa = PBXGroup;
			children = (
				BBFF9716141CD152004CEC7A /* css */,
				BBFF971A141CD152004CEC7A /* doxyclean.py */,
				BBFF971B141CD152004CEC7A /* index2html.xslt */,
				BBFF971C141CD152004CEC7A /* object.xslt */,
				BBFF971D141CD152004CEC7A /* object2html.xslt */,
			);
			path = doxyclean;
			sourceTree = "<group>";
		};
		BBFF9716141CD152004CEC7A /* css */ = {
			isa = PBXGroup;
			children = (
				BBFF9717141CD152004CEC7A /* common.css */,
				BBFF9718141CD152004CEC7A /* print.css */,
				BBFF9719141CD152004CEC7A /* screen.css */,
			);
			path = css;
			sourceTree = "<group>";
		};
/* End PBXGroup section */

/* Begin PBXHeadersBuildPhase section */
		BB0A9D5F12D69BD5004FE3A9 /* Headers */ = {
			isa = PBXHeadersBuildPhase;
			buildActionMask = 2147483647;
			files = (
				BB0A9D7E12D6A01D004FE3A9 /* SKRSSParser.h in Headers */,
				C74DED9913805DA4005DA422 /* SKGirl.h in Headers */,
				C74DED9B13805DA4005DA422 /* SKPhotoset.h in Headers */,
				C74DEDAD138062F6005DA422 /* SKAsynchronousFetcher.h in Headers */,
			);
			runOnlyForDeploymentPostprocessing = 0;
		};
/* End PBXHeadersBuildPhase section */

/* Begin PBXNativeTarget section */
		BB0A9D6112D69BD5004FE3A9 /* SuicideKit */ = {
			isa = PBXNativeTarget;
			buildConfigurationList = BB0A9D6D12D69BD5004FE3A9 /* Build configuration list for PBXNativeTarget "SuicideKit" */;
			buildPhases = (
				BB0A9D5D12D69BD5004FE3A9 /* Sources */,
				BB0A9D5E12D69BD5004FE3A9 /* Frameworks */,
				BB0A9D5F12D69BD5004FE3A9 /* Headers */,
				BB0A9D6012D69BD5004FE3A9 /* Resources */,
				C7C8CD221419F82A00DACCD6 /* Build Documentation */,
			);
			buildRules = (
			);
			dependencies = (
			);
			name = SuicideKit;
			productName = FMSuicideKit;
			productReference = BB0A9D6212D69BD5004FE3A9 /* SuicideKit.framework */;
			productType = "com.apple.product-type.framework";
		};
/* End PBXNativeTarget section */

/* Begin PBXProject section */
		BB0A9D5412D69BD5004FE3A9 /* Project object */ = {
			isa = PBXProject;
			attributes = {
				LastUpgradeCheck = 0410;
				ORGANIZATIONNAME = "Felix Morgner";
			};
			buildConfigurationList = BB0A9D5712D69BD5004FE3A9 /* Build configuration list for PBXProject "SuicideKit" */;
			compatibilityVersion = "Xcode 3.2";
			developmentRegion = English;
			hasScannedForEncodings = 0;
			knownRegions = (
				en,
			);
			mainGroup = BB0A9D5212D69BD5004FE3A9;
			productRefGroup = BB0A9D6312D69BD5004FE3A9 /* Products */;
			projectDirPath = "";
			projectRoot = "";
			targets = (
				BB0A9D6112D69BD5004FE3A9 /* SuicideKit */,
			);
		};
/* End PBXProject section */

/* Begin PBXResourcesBuildPhase section */
		BB0A9D6012D69BD5004FE3A9 /* Resources */ = {
			isa = PBXResourcesBuildPhase;
			buildActionMask = 2147483647;
			files = (
				BB0A9D6A12D69BD5004FE3A9 /* InfoPlist.strings in Resources */,
				C7C138B4141A6C3E00940EB0 /* SRUCTURES.mdown in Resources */,
				BBFF971F141CD152004CEC7A /* common.css in Resources */,
				BBFF9720141CD152004CEC7A /* print.css in Resources */,
				BBFF9721141CD152004CEC7A /* screen.css in Resources */,
				BBFF9722141CD152004CEC7A /* doxyclean.py in Resources */,
				BBFF9723141CD152004CEC7A /* index2html.xslt in Resources */,
				BBFF9724141CD152004CEC7A /* object.xslt in Resources */,
				BBFF9725141CD152004CEC7A /* object2html.xslt in Resources */,
				BBFF9726141CD152004CEC7A /* Doxyfile in Resources */,
			);
			runOnlyForDeploymentPostprocessing = 0;
		};
/* End PBXResourcesBuildPhase section */

/* Begin PBXShellScriptBuildPhase section */
		C7C8CD221419F82A00DACCD6 /* Build Documentation */ = {
			isa = PBXShellScriptBuildPhase;
			buildActionMask = 2147483647;
			files = (
			);
			inputPaths = (
			);
			name = "Build Documentation";
			outputPaths = (
			);
			runOnlyForDeploymentPostprocessing = 0;
			shellPath = /bin/sh;
			shellScript = "rm -rf Documentation/xml\nrm -rf Documentation/latex\nrm -rf Documentation/apple\n\nDG=`which doxygen`\n\nif [ \"$DG\" == \"\" ]; then exit 0;fi\n\ndoxygen Documentation/Doxyfile\nDocumentation/doxyclean/doxyclean.py --name=SuicideKit --input=Documentation/xml/ --output=Documentation/apple";
		};
/* End PBXShellScriptBuildPhase section */

/* Begin PBXSourcesBuildPhase section */
		BB0A9D5D12D69BD5004FE3A9 /* Sources */ = {
			isa = PBXSourcesBuildPhase;
			buildActionMask = 2147483647;
			files = (
				BB0A9D7F12D6A01D004FE3A9 /* SKRSSParser.m in Sources */,
				C74DED9A13805DA4005DA422 /* SKGirl.m in Sources */,
				C74DED9C13805DA4005DA422 /* SKPhotoset.m in Sources */,
				C74DEDAE138062F6005DA422 /* SKAsynchronousFetcher.m in Sources */,
			);
			runOnlyForDeploymentPostprocessing = 0;
		};
/* End PBXSourcesBuildPhase section */

/* Begin PBXVariantGroup section */
		BB0A9D6812D69BD5004FE3A9 /* InfoPlist.strings */ = {
			isa = PBXVariantGroup;
			children = (
				BB0A9D6912D69BD5004FE3A9 /* en */,
			);
			name = InfoPlist.strings;
			sourceTree = "<group>";
		};
/* End PBXVariantGroup section */

/* Begin XCBuildConfiguration section */
		BB0A9D6B12D69BD5004FE3A9 /* Debug */ = {
			isa = XCBuildConfiguration;
			buildSettings = {
				ARCHS = "$(ARCHS_STANDARD_64_BIT)";
				GCC_C_LANGUAGE_STANDARD = gnu99;
				GCC_OPTIMIZATION_LEVEL = 0;
				GCC_PREPROCESSOR_DEFINITIONS = DEBUG;
				GCC_VERSION = com.apple.compilers.llvm.clang.1_0;
				GCC_WARN_ABOUT_RETURN_TYPE = YES;
				GCC_WARN_UNUSED_VARIABLE = YES;
				MACOSX_DEPLOYMENT_TARGET = 10.7;
				ONLY_ACTIVE_ARCH = YES;
				SDKROOT = macosx;
				VALID_ARCHS = x86_64;
			};
			name = Debug;
		};
		BB0A9D6C12D69BD5004FE3A9 /* Release */ = {
			isa = XCBuildConfiguration;
			buildSettings = {
				ARCHS = "$(ARCHS_STANDARD_64_BIT)";
				GCC_C_LANGUAGE_STANDARD = gnu99;
				GCC_VERSION = com.apple.compilers.llvm.clang.1_0;
				GCC_WARN_ABOUT_RETURN_TYPE = YES;
				GCC_WARN_UNUSED_VARIABLE = YES;
				MACOSX_DEPLOYMENT_TARGET = 10.7;
				ONLY_ACTIVE_ARCH = YES;
				SDKROOT = macosx;
				VALID_ARCHS = x86_64;
			};
			name = Release;
		};
		BB0A9D6E12D69BD5004FE3A9 /* Debug */ = {
			isa = XCBuildConfiguration;
			buildSettings = {
				ALWAYS_SEARCH_USER_PATHS = NO;
				COPY_PHASE_STRIP = NO;
				DYLIB_COMPATIBILITY_VERSION = 1;
				DYLIB_CURRENT_VERSION = 1;
				FRAMEWORK_VERSION = A;
				GCC_DYNAMIC_NO_PIC = NO;
				GCC_ENABLE_OBJC_EXCEPTIONS = YES;
				GCC_PRECOMPILE_PREFIX_HEADER = YES;
				GCC_PREFIX_HEADER = "SuicideKit-Prefix.pch";
				INFOPLIST_FILE = "SuicideKit-Info.plist";
				INSTALL_PATH = "$(HOME)/Library/Frameworks";
				PRODUCT_NAME = SuicideKit;
				RUN_CLANG_STATIC_ANALYZER = YES;
				WRAPPER_EXTENSION = framework;
			};
			name = Debug;
		};
		BB0A9D6F12D69BD5004FE3A9 /* Release */ = {
			isa = XCBuildConfiguration;
			buildSettings = {
				ALWAYS_SEARCH_USER_PATHS = NO;
				COPY_PHASE_STRIP = YES;
				DEBUG_INFORMATION_FORMAT = "dwarf-with-dsym";
				DYLIB_COMPATIBILITY_VERSION = 1;
				DYLIB_CURRENT_VERSION = 1;
				FRAMEWORK_VERSION = A;
				GCC_ENABLE_OBJC_EXCEPTIONS = YES;
				GCC_PRECOMPILE_PREFIX_HEADER = YES;
				GCC_PREFIX_HEADER = "SuicideKit-Prefix.pch";
				INFOPLIST_FILE = "SuicideKit-Info.plist";
				INSTALL_PATH = "$(HOME)/Library/Frameworks";
				PRODUCT_NAME = SuicideKit;
				RUN_CLANG_STATIC_ANALYZER = YES;
				WRAPPER_EXTENSION = framework;
			};
			name = Release;
		};
/* End XCBuildConfiguration section */

/* Begin XCConfigurationList section */
		BB0A9D5712D69BD5004FE3A9 /* Build configuration list for PBXProject "SuicideKit" */ = {
			isa = XCConfigurationList;
			buildConfigurations = (
				BB0A9D6B12D69BD5004FE3A9 /* Debug */,
				BB0A9D6C12D69BD5004FE3A9 /* Release */,
			);
			defaultConfigurationIsVisible = 0;
			defaultConfigurationName = Release;
		};
		BB0A9D6D12D69BD5004FE3A9 /* Build configuration list for PBXNativeTarget "SuicideKit" */ = {
			isa = XCConfigurationList;
			buildConfigurations = (
				BB0A9D6E12D69BD5004FE3A9 /* Debug */,
				BB0A9D6F12D69BD5004FE3A9 /* Release */,
			);
			defaultConfigurationIsVisible = 0;
			defaultConfigurationName = Release;
		};
/* End XCConfigurationList section */
	};
	rootObject = BB0A9D5412D69BD5004FE3A9 /* Project object */;
}
